{
  "object": {
    "pins": [
      {
        "package": "codable-kit",
        "repositoryURL": "https://github.com/MatsMoll/codable-kit.git",
        "state": {
          "branch": "nested-keypath-bug",
          "revision": "ab5cb15e744e5fe57ab255f803fb92ccaf88c80c",
          "version": null
        }
      }
    ]
  },
  "version": 1
}
